// !$*UTF8*$!
{
	archiveVersion = 1;
	classes = {
	};
	objectVersion = 46;
	objects = {

/* Begin PBXBuildFile section */
		5C68B512145C85AC00D9A82E /* UIKit.framework in Frameworks */ = {isa = PBXBuildFile; fileRef = 5C68B511145C85AC00D9A82E /* UIKit.framework */; };
		5C68B514145C85AC00D9A82E /* Foundation.framework in Frameworks */ = {isa = PBXBuildFile; fileRef = 5C68B513145C85AC00D9A82E /* Foundation.framework */; };
		5C68B516145C85AC00D9A82E /* CoreGraphics.framework in Frameworks */ = {isa = PBXBuildFile; fileRef = 5C68B515145C85AC00D9A82E /* CoreGraphics.framework */; };
		5C68B518145C85AC00D9A82E /* CoreData.framework in Frameworks */ = {isa = PBXBuildFile; fileRef = 5C68B517145C85AC00D9A82E /* CoreData.framework */; };
		5C68B51E145C85AC00D9A82E /* InfoPlist.strings in Resources */ = {isa = PBXBuildFile; fileRef = 5C68B51C145C85AC00D9A82E /* InfoPlist.strings */; };
		5C68B520145C85AC00D9A82E /* main.m in Sources */ = {isa = PBXBuildFile; fileRef = 5C68B51F145C85AC00D9A82E /* main.m */; };
		5C68B524145C85AC00D9A82E /* AppDelegate.m in Sources */ = {isa = PBXBuildFile; fileRef = 5C68B523145C85AC00D9A82E /* AppDelegate.m */; };
		5C68B527145C85AC00D9A82E /* Shuttle_Tracker.xcdatamodeld in Sources */ = {isa = PBXBuildFile; fileRef = 5C68B525145C85AC00D9A82E /* Shuttle_Tracker.xcdatamodeld */; };
		5C68B52A145C85AC00D9A82E /* MasterViewController.m in Sources */ = {isa = PBXBuildFile; fileRef = 5C68B529145C85AC00D9A82E /* MasterViewController.m */; };
		5C68B52D145C85AC00D9A82E /* DetailViewController.m in Sources */ = {isa = PBXBuildFile; fileRef = 5C68B52C145C85AC00D9A82E /* DetailViewController.m */; };
		5C68B530145C85AC00D9A82E /* MasterViewController_iPhone.xib in Resources */ = {isa = PBXBuildFile; fileRef = 5C68B52E145C85AC00D9A82E /* MasterViewController_iPhone.xib */; };
		5C68B533145C85AC00D9A82E /* MasterViewController_iPad.xib in Resources */ = {isa = PBXBuildFile; fileRef = 5C68B531145C85AC00D9A82E /* MasterViewController_iPad.xib */; };
		5C68B536145C85AC00D9A82E /* DetailViewController_iPhone.xib in Resources */ = {isa = PBXBuildFile; fileRef = 5C68B534145C85AC00D9A82E /* DetailViewController_iPhone.xib */; };
		5C68B539145C85AC00D9A82E /* DetailViewController_iPad.xib in Resources */ = {isa = PBXBuildFile; fileRef = 5C68B537145C85AC00D9A82E /* DetailViewController_iPad.xib */; };
		5C68B54B145C87B300D9A82E /* DataManager.m in Sources */ = {isa = PBXBuildFile; fileRef = 5C68B544145C87B200D9A82E /* DataManager.m */; };
		5C68B54C145C87B300D9A82E /* EtaWrapper.m in Sources */ = {isa = PBXBuildFile; fileRef = 5C68B545145C87B200D9A82E /* EtaWrapper.m */; };
		5C68B54D145C87B300D9A82E /* MapViewController.m in Sources */ = {isa = PBXBuildFile; fileRef = 5C68B546145C87B200D9A82E /* MapViewController.m */; };
		5C68B550145C87DB00D9A82E /* MapPlacemark.m in Sources */ = {isa = PBXBuildFile; fileRef = 5C68B54E145C87DB00D9A82E /* MapPlacemark.m */; };
		5C68B553145C87EE00D9A82E /* JSONParser.m in Sources */ = {isa = PBXBuildFile; fileRef = 5C68B551145C87EE00D9A82E /* JSONParser.m */; };
		5C68B593145C88ED00D9A82E /* MapKit.framework in Frameworks */ = {isa = PBXBuildFile; fileRef = 5C68B592145C88EC00D9A82E /* MapKit.framework */; };
		5C68B595145C892000D9A82E /* CoreLocation.framework in Frameworks */ = {isa = PBXBuildFile; fileRef = 5C68B594145C892000D9A82E /* CoreLocation.framework */; };
		5C68B5BF145C896F00D9A82E /* IASKAppSettingsViewController.m in Sources */ = {isa = PBXBuildFile; fileRef = 5C68B599145C896F00D9A82E /* IASKAppSettingsViewController.m */; };
		5C68B5C0145C896F00D9A82E /* IASKAppSettingsWebViewController.m in Sources */ = {isa = PBXBuildFile; fileRef = 5C68B59B145C896F00D9A82E /* IASKAppSettingsWebViewController.m */; };
		5C68B5C1145C896F00D9A82E /* IASKSpecifierValuesViewController.m in Sources */ = {isa = PBXBuildFile; fileRef = 5C68B59D145C896F00D9A82E /* IASKSpecifierValuesViewController.m */; };
		5C68B5C2145C896F00D9A82E /* IASKSettingsReader.m in Sources */ = {isa = PBXBuildFile; fileRef = 5C68B5A0145C896F00D9A82E /* IASKSettingsReader.m */; };
		5C68B5C3145C896F00D9A82E /* IASKSettingsStore.m in Sources */ = {isa = PBXBuildFile; fileRef = 5C68B5A2145C896F00D9A82E /* IASKSettingsStore.m */; };
		5C68B5C4145C896F00D9A82E /* IASKSettingsStoreFile.m in Sources */ = {isa = PBXBuildFile; fileRef = 5C68B5A4145C896F00D9A82E /* IASKSettingsStoreFile.m */; };
		5C68B5C5145C896F00D9A82E /* IASKSettingsStoreUserDefaults.m in Sources */ = {isa = PBXBuildFile; fileRef = 5C68B5A6145C896F00D9A82E /* IASKSettingsStoreUserDefaults.m */; };
		5C68B5C6145C896F00D9A82E /* IASKSpecifier.m in Sources */ = {isa = PBXBuildFile; fileRef = 5C68B5A8145C896F00D9A82E /* IASKSpecifier.m */; };
		5C68B5C7145C896F00D9A82E /* IASKPSSliderSpecifierViewCell.m in Sources */ = {isa = PBXBuildFile; fileRef = 5C68B5AB145C896F00D9A82E /* IASKPSSliderSpecifierViewCell.m */; };
		5C68B5C8145C896F00D9A82E /* IASKPSTextFieldSpecifierViewCell.m in Sources */ = {isa = PBXBuildFile; fileRef = 5C68B5AD145C896F00D9A82E /* IASKPSTextFieldSpecifierViewCell.m */; };
		5C68B5C9145C896F00D9A82E /* IASKPSTitleValueSpecifierViewCell.m in Sources */ = {isa = PBXBuildFile; fileRef = 5C68B5AF145C896F00D9A82E /* IASKPSTitleValueSpecifierViewCell.m */; };
		5C68B5CA145C896F00D9A82E /* IASKPSToggleSwitchSpecifierViewCell.m in Sources */ = {isa = PBXBuildFile; fileRef = 5C68B5B1145C896F00D9A82E /* IASKPSToggleSwitchSpecifierViewCell.m */; };
		5C68B5CB145C896F00D9A82E /* IASKSlider.m in Sources */ = {isa = PBXBuildFile; fileRef = 5C68B5B3145C896F00D9A82E /* IASKSlider.m */; };
		5C68B5CC145C896F00D9A82E /* IASKSwitch.m in Sources */ = {isa = PBXBuildFile; fileRef = 5C68B5B5145C896F00D9A82E /* IASKSwitch.m */; };
		5C68B5CD145C896F00D9A82E /* IASKTextField.m in Sources */ = {isa = PBXBuildFile; fileRef = 5C68B5B7145C896F00D9A82E /* IASKTextField.m */; };
		5C68B5CE145C896F00D9A82E /* IASKAppSettingsView.xib in Resources */ = {isa = PBXBuildFile; fileRef = 5C68B5B9145C896F00D9A82E /* IASKAppSettingsView.xib */; };
		5C68B5CF145C896F00D9A82E /* IASKAppSettingsWebView.xib in Resources */ = {isa = PBXBuildFile; fileRef = 5C68B5BA145C896F00D9A82E /* IASKAppSettingsWebView.xib */; };
		5C68B5D0145C896F00D9A82E /* IASKPSSliderSpecifierViewCell.xib in Resources */ = {isa = PBXBuildFile; fileRef = 5C68B5BB145C896F00D9A82E /* IASKPSSliderSpecifierViewCell.xib */; };
		5C68B5D1145C896F00D9A82E /* IASKPSTextFieldSpecifierViewCell.xib in Resources */ = {isa = PBXBuildFile; fileRef = 5C68B5BC145C896F00D9A82E /* IASKPSTextFieldSpecifierViewCell.xib */; };
		5C68B5D2145C896F00D9A82E /* IASKPSToggleSwitchSpecifierViewCell.xib in Resources */ = {isa = PBXBuildFile; fileRef = 5C68B5BD145C896F00D9A82E /* IASKPSToggleSwitchSpecifierViewCell.xib */; };
		5C68B5D3145C896F00D9A82E /* IASKSpecifierValuesView.xib in Resources */ = {isa = PBXBuildFile; fileRef = 5C68B5BE145C896F00D9A82E /* IASKSpecifierValuesView.xib */; };
		5C68B5D5145C89A800D9A82E /* MessageUI.framework in Frameworks */ = {isa = PBXBuildFile; fileRef = 5C68B5D4145C89A800D9A82E /* MessageUI.framework */; };
		5C68B5ED145C8A9500D9A82E /* CDataScanner.m in Sources */ = {isa = PBXBuildFile; fileRef = 5C68B5D8145C8A9500D9A82E /* CDataScanner.m */; };
		5C68B5EE145C8A9500D9A82E /* CFilteringJSONSerializer.m in Sources */ = {isa = PBXBuildFile; fileRef = 5C68B5DB145C8A9500D9A82E /* CFilteringJSONSerializer.m */; };
		5C68B5EF145C8A9500D9A82E /* CJSONDeserializer_BlocksExtensions.m in Sources */ = {isa = PBXBuildFile; fileRef = 5C68B5DD145C8A9500D9A82E /* CJSONDeserializer_BlocksExtensions.m */; };
		5C68B5F0145C8A9500D9A82E /* CJSONSerializedData.m in Sources */ = {isa = PBXBuildFile; fileRef = 5C68B5DF145C8A9500D9A82E /* CJSONSerializedData.m */; };
		5C68B5F1145C8A9500D9A82E /* CDataScanner_Extensions.m in Sources */ = {isa = PBXBuildFile; fileRef = 5C68B5E2145C8A9500D9A82E /* CDataScanner_Extensions.m */; };
		5C68B5F2145C8A9500D9A82E /* NSDictionary_JSONExtensions.m in Sources */ = {isa = PBXBuildFile; fileRef = 5C68B5E4145C8A9500D9A82E /* NSDictionary_JSONExtensions.m */; };
		5C68B5F3145C8A9500D9A82E /* CJSONDeserializer.m in Sources */ = {isa = PBXBuildFile; fileRef = 5C68B5E7145C8A9500D9A82E /* CJSONDeserializer.m */; };
		5C68B5F4145C8A9500D9A82E /* CJSONScanner.m in Sources */ = {isa = PBXBuildFile; fileRef = 5C68B5E9145C8A9500D9A82E /* CJSONScanner.m */; };
		5C68B5F5145C8A9500D9A82E /* CJSONSerializer.m in Sources */ = {isa = PBXBuildFile; fileRef = 5C68B5EB145C8A9500D9A82E /* CJSONSerializer.m */; };
/* End PBXBuildFile section */

/* Begin PBXFileReference section */
		5C68B50D145C85AC00D9A82E /* Shuttle-Tracker.app */ = {isa = PBXFileReference; explicitFileType = wrapper.application; includeInIndex = 0; path = "Shuttle-Tracker.app"; sourceTree = BUILT_PRODUCTS_DIR; };
		5C68B511145C85AC00D9A82E /* UIKit.framework */ = {isa = PBXFileReference; lastKnownFileType = wrapper.framework; name = UIKit.framework; path = System/Library/Frameworks/UIKit.framework; sourceTree = SDKROOT; };
		5C68B513145C85AC00D9A82E /* Foundation.framework */ = {isa = PBXFileReference; lastKnownFileType = wrapper.framework; name = Foundation.framework; path = System/Library/Frameworks/Foundation.framework; sourceTree = SDKROOT; };
		5C68B515145C85AC00D9A82E /* CoreGraphics.framework */ = {isa = PBXFileReference; lastKnownFileType = wrapper.framework; name = CoreGraphics.framework; path = System/Library/Frameworks/CoreGraphics.framework; sourceTree = SDKROOT; };
		5C68B517145C85AC00D9A82E /* CoreData.framework */ = {isa = PBXFileReference; lastKnownFileType = wrapper.framework; name = CoreData.framework; path = System/Library/Frameworks/CoreData.framework; sourceTree = SDKROOT; };
		5C68B51B145C85AC00D9A82E /* Shuttle-Tracker-Info.plist */ = {isa = PBXFileReference; lastKnownFileType = text.plist.xml; path = "Shuttle-Tracker-Info.plist"; sourceTree = "<group>"; };
		5C68B51D145C85AC00D9A82E /* en */ = {isa = PBXFileReference; lastKnownFileType = text.plist.strings; name = en; path = en.lproj/InfoPlist.strings; sourceTree = "<group>"; };
		5C68B51F145C85AC00D9A82E /* main.m */ = {isa = PBXFileReference; lastKnownFileType = sourcecode.c.objc; path = main.m; sourceTree = "<group>"; };
		5C68B521145C85AC00D9A82E /* Shuttle-Tracker-Prefix.pch */ = {isa = PBXFileReference; lastKnownFileType = sourcecode.c.h; path = "Shuttle-Tracker-Prefix.pch"; sourceTree = "<group>"; };
		5C68B522145C85AC00D9A82E /* AppDelegate.h */ = {isa = PBXFileReference; lastKnownFileType = sourcecode.c.h; path = AppDelegate.h; sourceTree = "<group>"; };
		5C68B523145C85AC00D9A82E /* AppDelegate.m */ = {isa = PBXFileReference; lastKnownFileType = sourcecode.c.objc; path = AppDelegate.m; sourceTree = "<group>"; };
		5C68B526145C85AC00D9A82E /* Shuttle_Tracker.xcdatamodel */ = {isa = PBXFileReference; lastKnownFileType = wrapper.xcdatamodel; path = Shuttle_Tracker.xcdatamodel; sourceTree = "<group>"; };
		5C68B528145C85AC00D9A82E /* MasterViewController.h */ = {isa = PBXFileReference; lastKnownFileType = sourcecode.c.h; path = MasterViewController.h; sourceTree = "<group>"; };
		5C68B529145C85AC00D9A82E /* MasterViewController.m */ = {isa = PBXFileReference; lastKnownFileType = sourcecode.c.objc; path = MasterViewController.m; sourceTree = "<group>"; };
		5C68B52B145C85AC00D9A82E /* DetailViewController.h */ = {isa = PBXFileReference; lastKnownFileType = sourcecode.c.h; path = DetailViewController.h; sourceTree = "<group>"; };
		5C68B52C145C85AC00D9A82E /* DetailViewController.m */ = {isa = PBXFileReference; lastKnownFileType = sourcecode.c.objc; path = DetailViewController.m; sourceTree = "<group>"; };
		5C68B52F145C85AC00D9A82E /* en */ = {isa = PBXFileReference; lastKnownFileType = file.xib; name = en; path = en.lproj/MasterViewController_iPhone.xib; sourceTree = "<group>"; };
		5C68B532145C85AC00D9A82E /* en */ = {isa = PBXFileReference; lastKnownFileType = file.xib; name = en; path = en.lproj/MasterViewController_iPad.xib; sourceTree = "<group>"; };
		5C68B535145C85AC00D9A82E /* en */ = {isa = PBXFileReference; lastKnownFileType = file.xib; name = en; path = en.lproj/DetailViewController_iPhone.xib; sourceTree = "<group>"; };
		5C68B538145C85AC00D9A82E /* en */ = {isa = PBXFileReference; lastKnownFileType = file.xib; name = en; path = en.lproj/DetailViewController_iPad.xib; sourceTree = "<group>"; };
		5C68B544145C87B200D9A82E /* DataManager.m */ = {isa = PBXFileReference; fileEncoding = 4; lastKnownFileType = sourcecode.c.objc; path = DataManager.m; sourceTree = "<group>"; };
		5C68B545145C87B200D9A82E /* EtaWrapper.m */ = {isa = PBXFileReference; fileEncoding = 4; lastKnownFileType = sourcecode.c.objc; path = EtaWrapper.m; sourceTree = "<group>"; };
		5C68B546145C87B200D9A82E /* MapViewController.m */ = {isa = PBXFileReference; fileEncoding = 4; lastKnownFileType = sourcecode.c.objc; path = MapViewController.m; sourceTree = "<group>"; };
		5C68B547145C87B200D9A82E /* DataManager.h */ = {isa = PBXFileReference; fileEncoding = 4; lastKnownFileType = sourcecode.c.h; path = DataManager.h; sourceTree = "<group>"; };
		5C68B548145C87B200D9A82E /* DataUrls.h */ = {isa = PBXFileReference; fileEncoding = 4; lastKnownFileType = sourcecode.c.h; path = DataUrls.h; sourceTree = "<group>"; };
		5C68B549145C87B200D9A82E /* EtaWrapper.h */ = {isa = PBXFileReference; fileEncoding = 4; lastKnownFileType = sourcecode.c.h; path = EtaWrapper.h; sourceTree = "<group>"; };
		5C68B54A145C87B200D9A82E /* MapViewController.h */ = {isa = PBXFileReference; fileEncoding = 4; lastKnownFileType = sourcecode.c.h; path = MapViewController.h; sourceTree = "<group>"; };
		5C68B54E145C87DB00D9A82E /* MapPlacemark.m */ = {isa = PBXFileReference; fileEncoding = 4; lastKnownFileType = sourcecode.c.objc; path = MapPlacemark.m; sourceTree = "<group>"; };
		5C68B54F145C87DB00D9A82E /* MapPlacemark.h */ = {isa = PBXFileReference; fileEncoding = 4; lastKnownFileType = sourcecode.c.h; path = MapPlacemark.h; sourceTree = "<group>"; };
		5C68B551145C87EE00D9A82E /* JSONParser.m */ = {isa = PBXFileReference; fileEncoding = 4; lastKnownFileType = sourcecode.c.objc; path = JSONParser.m; sourceTree = "<group>"; };
		5C68B552145C87EE00D9A82E /* JSONParser.h */ = {isa = PBXFileReference; fileEncoding = 4; lastKnownFileType = sourcecode.c.h; path = JSONParser.h; sourceTree = "<group>"; };
		5C68B592145C88EC00D9A82E /* MapKit.framework */ = {isa = PBXFileReference; lastKnownFileType = wrapper.framework; name = MapKit.framework; path = System/Library/Frameworks/MapKit.framework; sourceTree = SDKROOT; };
		5C68B594145C892000D9A82E /* CoreLocation.framework */ = {isa = PBXFileReference; lastKnownFileType = wrapper.framework; name = CoreLocation.framework; path = System/Library/Frameworks/CoreLocation.framework; sourceTree = SDKROOT; };
		5C68B598145C896F00D9A82E /* IASKAppSettingsViewController.h */ = {isa = PBXFileReference; fileEncoding = 4; lastKnownFileType = sourcecode.c.h; path = IASKAppSettingsViewController.h; sourceTree = "<group>"; };
		5C68B599145C896F00D9A82E /* IASKAppSettingsViewController.m */ = {isa = PBXFileReference; fileEncoding = 4; lastKnownFileType = sourcecode.c.objc; path = IASKAppSettingsViewController.m; sourceTree = "<group>"; };
		5C68B59A145C896F00D9A82E /* IASKAppSettingsWebViewController.h */ = {isa = PBXFileReference; fileEncoding = 4; lastKnownFileType = sourcecode.c.h; path = IASKAppSettingsWebViewController.h; sourceTree = "<group>"; };
		5C68B59B145C896F00D9A82E /* IASKAppSettingsWebViewController.m */ = {isa = PBXFileReference; fileEncoding = 4; lastKnownFileType = sourcecode.c.objc; path = IASKAppSettingsWebViewController.m; sourceTree = "<group>"; };
		5C68B59C145C896F00D9A82E /* IASKSpecifierValuesViewController.h */ = {isa = PBXFileReference; fileEncoding = 4; lastKnownFileType = sourcecode.c.h; path = IASKSpecifierValuesViewController.h; sourceTree = "<group>"; };
		5C68B59D145C896F00D9A82E /* IASKSpecifierValuesViewController.m */ = {isa = PBXFileReference; fileEncoding = 4; lastKnownFileType = sourcecode.c.objc; path = IASKSpecifierValuesViewController.m; sourceTree = "<group>"; };
		5C68B59F145C896F00D9A82E /* IASKSettingsReader.h */ = {isa = PBXFileReference; fileEncoding = 4; lastKnownFileType = sourcecode.c.h; path = IASKSettingsReader.h; sourceTree = "<group>"; };
		5C68B5A0145C896F00D9A82E /* IASKSettingsReader.m */ = {isa = PBXFileReference; fileEncoding = 4; lastKnownFileType = sourcecode.c.objc; path = IASKSettingsReader.m; sourceTree = "<group>"; };
		5C68B5A1145C896F00D9A82E /* IASKSettingsStore.h */ = {isa = PBXFileReference; fileEncoding = 4; lastKnownFileType = sourcecode.c.h; path = IASKSettingsStore.h; sourceTree = "<group>"; };
		5C68B5A2145C896F00D9A82E /* IASKSettingsStore.m */ = {isa = PBXFileReference; fileEncoding = 4; lastKnownFileType = sourcecode.c.objc; path = IASKSettingsStore.m; sourceTree = "<group>"; };
		5C68B5A3145C896F00D9A82E /* IASKSettingsStoreFile.h */ = {isa = PBXFileReference; fileEncoding = 4; lastKnownFileType = sourcecode.c.h; path = IASKSettingsStoreFile.h; sourceTree = "<group>"; };
		5C68B5A4145C896F00D9A82E /* IASKSettingsStoreFile.m */ = {isa = PBXFileReference; fileEncoding = 4; lastKnownFileType = sourcecode.c.objc; path = IASKSettingsStoreFile.m; sourceTree = "<group>"; };
		5C68B5A5145C896F00D9A82E /* IASKSettingsStoreUserDefaults.h */ = {isa = PBXFileReference; fileEncoding = 4; lastKnownFileType = sourcecode.c.h; path = IASKSettingsStoreUserDefaults.h; sourceTree = "<group>"; };
		5C68B5A6145C896F00D9A82E /* IASKSettingsStoreUserDefaults.m */ = {isa = PBXFileReference; fileEncoding = 4; lastKnownFileType = sourcecode.c.objc; path = IASKSettingsStoreUserDefaults.m; sourceTree = "<group>"; };
		5C68B5A7145C896F00D9A82E /* IASKSpecifier.h */ = {isa = PBXFileReference; fileEncoding = 4; lastKnownFileType = sourcecode.c.h; path = IASKSpecifier.h; sourceTree = "<group>"; };
		5C68B5A8145C896F00D9A82E /* IASKSpecifier.m */ = {isa = PBXFileReference; fileEncoding = 4; lastKnownFileType = sourcecode.c.objc; path = IASKSpecifier.m; sourceTree = "<group>"; };
		5C68B5AA145C896F00D9A82E /* IASKPSSliderSpecifierViewCell.h */ = {isa = PBXFileReference; fileEncoding = 4; lastKnownFileType = sourcecode.c.h; path = IASKPSSliderSpecifierViewCell.h; sourceTree = "<group>"; };
		5C68B5AB145C896F00D9A82E /* IASKPSSliderSpecifierViewCell.m */ = {isa = PBXFileReference; fileEncoding = 4; lastKnownFileType = sourcecode.c.objc; path = IASKPSSliderSpecifierViewCell.m; sourceTree = "<group>"; };
		5C68B5AC145C896F00D9A82E /* IASKPSTextFieldSpecifierViewCell.h */ = {isa = PBXFileReference; fileEncoding = 4; lastKnownFileType = sourcecode.c.h; path = IASKPSTextFieldSpecifierViewCell.h; sourceTree = "<group>"; };
		5C68B5AD145C896F00D9A82E /* IASKPSTextFieldSpecifierViewCell.m */ = {isa = PBXFileReference; fileEncoding = 4; lastKnownFileType = sourcecode.c.objc; path = IASKPSTextFieldSpecifierViewCell.m; sourceTree = "<group>"; };
		5C68B5AE145C896F00D9A82E /* IASKPSTitleValueSpecifierViewCell.h */ = {isa = PBXFileReference; fileEncoding = 4; lastKnownFileType = sourcecode.c.h; path = IASKPSTitleValueSpecifierViewCell.h; sourceTree = "<group>"; };
		5C68B5AF145C896F00D9A82E /* IASKPSTitleValueSpecifierViewCell.m */ = {isa = PBXFileReference; fileEncoding = 4; lastKnownFileType = sourcecode.c.objc; path = IASKPSTitleValueSpecifierViewCell.m; sourceTree = "<group>"; };
		5C68B5B0145C896F00D9A82E /* IASKPSToggleSwitchSpecifierViewCell.h */ = {isa = PBXFileReference; fileEncoding = 4; lastKnownFileType = sourcecode.c.h; path = IASKPSToggleSwitchSpecifierViewCell.h; sourceTree = "<group>"; };
		5C68B5B1145C896F00D9A82E /* IASKPSToggleSwitchSpecifierViewCell.m */ = {isa = PBXFileReference; fileEncoding = 4; lastKnownFileType = sourcecode.c.objc; path = IASKPSToggleSwitchSpecifierViewCell.m; sourceTree = "<group>"; };
		5C68B5B2145C896F00D9A82E /* IASKSlider.h */ = {isa = PBXFileReference; fileEncoding = 4; lastKnownFileType = sourcecode.c.h; path = IASKSlider.h; sourceTree = "<group>"; };
		5C68B5B3145C896F00D9A82E /* IASKSlider.m */ = {isa = PBXFileReference; fileEncoding = 4; lastKnownFileType = sourcecode.c.objc; path = IASKSlider.m; sourceTree = "<group>"; };
		5C68B5B4145C896F00D9A82E /* IASKSwitch.h */ = {isa = PBXFileReference; fileEncoding = 4; lastKnownFileType = sourcecode.c.h; path = IASKSwitch.h; sourceTree = "<group>"; };
		5C68B5B5145C896F00D9A82E /* IASKSwitch.m */ = {isa = PBXFileReference; fileEncoding = 4; lastKnownFileType = sourcecode.c.objc; path = IASKSwitch.m; sourceTree = "<group>"; };
		5C68B5B6145C896F00D9A82E /* IASKTextField.h */ = {isa = PBXFileReference; fileEncoding = 4; lastKnownFileType = sourcecode.c.h; path = IASKTextField.h; sourceTree = "<group>"; };
		5C68B5B7145C896F00D9A82E /* IASKTextField.m */ = {isa = PBXFileReference; fileEncoding = 4; lastKnownFileType = sourcecode.c.objc; path = IASKTextField.m; sourceTree = "<group>"; };
		5C68B5B9145C896F00D9A82E /* IASKAppSettingsView.xib */ = {isa = PBXFileReference; fileEncoding = 4; lastKnownFileType = file.xib; path = IASKAppSettingsView.xib; sourceTree = "<group>"; };
		5C68B5BA145C896F00D9A82E /* IASKAppSettingsWebView.xib */ = {isa = PBXFileReference; fileEncoding = 4; lastKnownFileType = file.xib; path = IASKAppSettingsWebView.xib; sourceTree = "<group>"; };
		5C68B5BB145C896F00D9A82E /* IASKPSSliderSpecifierViewCell.xib */ = {isa = PBXFileReference; fileEncoding = 4; lastKnownFileType = file.xib; path = IASKPSSliderSpecifierViewCell.xib; sourceTree = "<group>"; };
		5C68B5BC145C896F00D9A82E /* IASKPSTextFieldSpecifierViewCell.xib */ = {isa = PBXFileReference; fileEncoding = 4; lastKnownFileType = file.xib; path = IASKPSTextFieldSpecifierViewCell.xib; sourceTree = "<group>"; };
		5C68B5BD145C896F00D9A82E /* IASKPSToggleSwitchSpecifierViewCell.xib */ = {isa = PBXFileReference; fileEncoding = 4; lastKnownFileType = file.xib; path = IASKPSToggleSwitchSpecifierViewCell.xib; sourceTree = "<group>"; };
		5C68B5BE145C896F00D9A82E /* IASKSpecifierValuesView.xib */ = {isa = PBXFileReference; fileEncoding = 4; lastKnownFileType = file.xib; path = IASKSpecifierValuesView.xib; sourceTree = "<group>"; };
		5C68B5D4145C89A800D9A82E /* MessageUI.framework */ = {isa = PBXFileReference; lastKnownFileType = wrapper.framework; name = MessageUI.framework; path = System/Library/Frameworks/MessageUI.framework; sourceTree = SDKROOT; };
		5C68B5D7145C8A9500D9A82E /* CDataScanner.h */ = {isa = PBXFileReference; fileEncoding = 4; lastKnownFileType = sourcecode.c.h; path = CDataScanner.h; sourceTree = "<group>"; };
		5C68B5D8145C8A9500D9A82E /* CDataScanner.m */ = {isa = PBXFileReference; fileEncoding = 4; lastKnownFileType = sourcecode.c.objc; path = CDataScanner.m; sourceTree = "<group>"; };
		5C68B5DA145C8A9500D9A82E /* CFilteringJSONSerializer.h */ = {isa = PBXFileReference; fileEncoding = 4; lastKnownFileType = sourcecode.c.h; path = CFilteringJSONSerializer.h; sourceTree = "<group>"; };
		5C68B5DB145C8A9500D9A82E /* CFilteringJSONSerializer.m */ = {isa = PBXFileReference; fileEncoding = 4; lastKnownFileType = sourcecode.c.objc; path = CFilteringJSONSerializer.m; sourceTree = "<group>"; };
		5C68B5DC145C8A9500D9A82E /* CJSONDeserializer_BlocksExtensions.h */ = {isa = PBXFileReference; fileEncoding = 4; lastKnownFileType = sourcecode.c.h; path = CJSONDeserializer_BlocksExtensions.h; sourceTree = "<group>"; };
		5C68B5DD145C8A9500D9A82E /* CJSONDeserializer_BlocksExtensions.m */ = {isa = PBXFileReference; fileEncoding = 4; lastKnownFileType = sourcecode.c.objc; path = CJSONDeserializer_BlocksExtensions.m; sourceTree = "<group>"; };
		5C68B5DE145C8A9500D9A82E /* CJSONSerializedData.h */ = {isa = PBXFileReference; fileEncoding = 4; lastKnownFileType = sourcecode.c.h; path = CJSONSerializedData.h; sourceTree = "<group>"; };
		5C68B5DF145C8A9500D9A82E /* CJSONSerializedData.m */ = {isa = PBXFileReference; fileEncoding = 4; lastKnownFileType = sourcecode.c.objc; path = CJSONSerializedData.m; sourceTree = "<group>"; };
		5C68B5E1145C8A9500D9A82E /* CDataScanner_Extensions.h */ = {isa = PBXFileReference; fileEncoding = 4; lastKnownFileType = sourcecode.c.h; path = CDataScanner_Extensions.h; sourceTree = "<group>"; };
		5C68B5E2145C8A9500D9A82E /* CDataScanner_Extensions.m */ = {isa = PBXFileReference; fileEncoding = 4; lastKnownFileType = sourcecode.c.objc; path = CDataScanner_Extensions.m; sourceTree = "<group>"; };
		5C68B5E3145C8A9500D9A82E /* NSDictionary_JSONExtensions.h */ = {isa = PBXFileReference; fileEncoding = 4; lastKnownFileType = sourcecode.c.h; path = NSDictionary_JSONExtensions.h; sourceTree = "<group>"; };
		5C68B5E4145C8A9500D9A82E /* NSDictionary_JSONExtensions.m */ = {isa = PBXFileReference; fileEncoding = 4; lastKnownFileType = sourcecode.c.objc; path = NSDictionary_JSONExtensions.m; sourceTree = "<group>"; };
		5C68B5E6145C8A9500D9A82E /* CJSONDeserializer.h */ = {isa = PBXFileReference; fileEncoding = 4; lastKnownFileType = sourcecode.c.h; path = CJSONDeserializer.h; sourceTree = "<group>"; };
		5C68B5E7145C8A9500D9A82E /* CJSONDeserializer.m */ = {isa = PBXFileReference; fileEncoding = 4; lastKnownFileType = sourcecode.c.objc; path = CJSONDeserializer.m; sourceTree = "<group>"; };
		5C68B5E8145C8A9500D9A82E /* CJSONScanner.h */ = {isa = PBXFileReference; fileEncoding = 4; lastKnownFileType = sourcecode.c.h; path = CJSONScanner.h; sourceTree = "<group>"; };
		5C68B5E9145C8A9500D9A82E /* CJSONScanner.m */ = {isa = PBXFileReference; fileEncoding = 4; lastKnownFileType = sourcecode.c.objc; path = CJSONScanner.m; sourceTree = "<group>"; };
		5C68B5EA145C8A9500D9A82E /* CJSONSerializer.h */ = {isa = PBXFileReference; fileEncoding = 4; lastKnownFileType = sourcecode.c.h; path = CJSONSerializer.h; sourceTree = "<group>"; };
		5C68B5EB145C8A9500D9A82E /* CJSONSerializer.m */ = {isa = PBXFileReference; fileEncoding = 4; lastKnownFileType = sourcecode.c.objc; path = CJSONSerializer.m; sourceTree = "<group>"; };
		5C68B5EC145C8A9500D9A82E /* JSONRepresentation.h */ = {isa = PBXFileReference; fileEncoding = 4; lastKnownFileType = sourcecode.c.h; path = JSONRepresentation.h; sourceTree = "<group>"; };
/* End PBXFileReference section */

/* Begin PBXFrameworksBuildPhase section */
		5C68B50A145C85AB00D9A82E /* Frameworks */ = {
			isa = PBXFrameworksBuildPhase;
			buildActionMask = 2147483647;
			files = (
				5C68B512145C85AC00D9A82E /* UIKit.framework in Frameworks */,
				5C68B514145C85AC00D9A82E /* Foundation.framework in Frameworks */,
				5C68B518145C85AC00D9A82E /* CoreData.framework in Frameworks */,
				5C68B516145C85AC00D9A82E /* CoreGraphics.framework in Frameworks */,
				5C68B595145C892000D9A82E /* CoreLocation.framework in Frameworks */,
				5C68B593145C88ED00D9A82E /* MapKit.framework in Frameworks */,
				5C68B5D5145C89A800D9A82E /* MessageUI.framework in Frameworks */,
			);
			runOnlyForDeploymentPostprocessing = 0;
		};
/* End PBXFrameworksBuildPhase section */

/* Begin PBXGroup section */
		5C68B502145C85AB00D9A82E = {
			isa = PBXGroup;
			children = (
				5C68B519145C85AC00D9A82E /* Shuttle-Tracker */,
				5C68B596145C896F00D9A82E /* InAppSettingsKit */,
				5C68B5D6145C8A9500D9A82E /* TouchJSON */,
				5C68B510145C85AC00D9A82E /* Frameworks */,
				5C68B50E145C85AC00D9A82E /* Products */,
			);
			sourceTree = "<group>";
		};
		5C68B50E145C85AC00D9A82E /* Products */ = {
			isa = PBXGroup;
			children = (
				5C68B50D145C85AC00D9A82E /* Shuttle-Tracker.app */,
			);
			name = Products;
			sourceTree = "<group>";
		};
		5C68B510145C85AC00D9A82E /* Frameworks */ = {
			isa = PBXGroup;
			children = (
				5C68B5D4145C89A800D9A82E /* MessageUI.framework */,
				5C68B594145C892000D9A82E /* CoreLocation.framework */,
				5C68B592145C88EC00D9A82E /* MapKit.framework */,
				5C68B511145C85AC00D9A82E /* UIKit.framework */,
				5C68B513145C85AC00D9A82E /* Foundation.framework */,
				5C68B515145C85AC00D9A82E /* CoreGraphics.framework */,
				5C68B517145C85AC00D9A82E /* CoreData.framework */,
			);
			name = Frameworks;
			sourceTree = "<group>";
		};
		5C68B519145C85AC00D9A82E /* Shuttle-Tracker */ = {
			isa = PBXGroup;
			children = (
				5C68B522145C85AC00D9A82E /* AppDelegate.h */,
				5C68B523145C85AC00D9A82E /* AppDelegate.m */,
				5C68B528145C85AC00D9A82E /* MasterViewController.h */,
				5C68B529145C85AC00D9A82E /* MasterViewController.m */,
				5C68B547145C87B200D9A82E /* DataManager.h */,
				5C68B544145C87B200D9A82E /* DataManager.m */,
				5C68B548145C87B200D9A82E /* DataUrls.h */,
				5C68B52B145C85AC00D9A82E /* DetailViewController.h */,
				5C68B52C145C85AC00D9A82E /* DetailViewController.m */,
				5C68B549145C87B200D9A82E /* EtaWrapper.h */,
				5C68B545145C87B200D9A82E /* EtaWrapper.m */,
				5C68B551145C87EE00D9A82E /* JSONParser.m */,
				5C68B552145C87EE00D9A82E /* JSONParser.h */,
				5C68B54E145C87DB00D9A82E /* MapPlacemark.m */,
				5C68B54F145C87DB00D9A82E /* MapPlacemark.h */,
				5C68B54A145C87B200D9A82E /* MapViewController.h */,
				5C68B546145C87B200D9A82E /* MapViewController.m */,
				5C68B52E145C85AC00D9A82E /* MasterViewController_iPhone.xib */,
				5C68B531145C85AC00D9A82E /* MasterViewController_iPad.xib */,
				5C68B534145C85AC00D9A82E /* DetailViewController_iPhone.xib */,
				5C68B537145C85AC00D9A82E /* DetailViewController_iPad.xib */,
				5C68B525145C85AC00D9A82E /* Shuttle_Tracker.xcdatamodeld */,
				5C68B51A145C85AC00D9A82E /* Supporting Files */,
			);
			path = "Shuttle-Tracker";
			sourceTree = "<group>";
		};
		5C68B51A145C85AC00D9A82E /* Supporting Files */ = {
			isa = PBXGroup;
			children = (
				5C68B51B145C85AC00D9A82E /* Shuttle-Tracker-Info.plist */,
				5C68B51C145C85AC00D9A82E /* InfoPlist.strings */,
				5C68B51F145C85AC00D9A82E /* main.m */,
				5C68B521145C85AC00D9A82E /* Shuttle-Tracker-Prefix.pch */,
			);
			name = "Supporting Files";
			sourceTree = "<group>";
		};
		5C68B596145C896F00D9A82E /* InAppSettingsKit */ = {
			isa = PBXGroup;
			children = (
				5C68B597145C896F00D9A82E /* Controllers */,
				5C68B59E145C896F00D9A82E /* Models */,
				5C68B5A9145C896F00D9A82E /* Views */,
				5C68B5B8145C896F00D9A82E /* Xibs */,
			);
			path = InAppSettingsKit;
			sourceTree = "<group>";
		};
		5C68B597145C896F00D9A82E /* Controllers */ = {
			isa = PBXGroup;
			children = (
				5C68B598145C896F00D9A82E /* IASKAppSettingsViewController.h */,
				5C68B599145C896F00D9A82E /* IASKAppSettingsViewController.m */,
				5C68B59A145C896F00D9A82E /* IASKAppSettingsWebViewController.h */,
				5C68B59B145C896F00D9A82E /* IASKAppSettingsWebViewController.m */,
				5C68B59C145C896F00D9A82E /* IASKSpecifierValuesViewController.h */,
				5C68B59D145C896F00D9A82E /* IASKSpecifierValuesViewController.m */,
			);
			path = Controllers;
			sourceTree = "<group>";
		};
		5C68B59E145C896F00D9A82E /* Models */ = {
			isa = PBXGroup;
			children = (
				5C68B59F145C896F00D9A82E /* IASKSettingsReader.h */,
				5C68B5A0145C896F00D9A82E /* IASKSettingsReader.m */,
				5C68B5A1145C896F00D9A82E /* IASKSettingsStore.h */,
				5C68B5A2145C896F00D9A82E /* IASKSettingsStore.m */,
				5C68B5A3145C896F00D9A82E /* IASKSettingsStoreFile.h */,
				5C68B5A4145C896F00D9A82E /* IASKSettingsStoreFile.m */,
				5C68B5A5145C896F00D9A82E /* IASKSettingsStoreUserDefaults.h */,
				5C68B5A6145C896F00D9A82E /* IASKSettingsStoreUserDefaults.m */,
				5C68B5A7145C896F00D9A82E /* IASKSpecifier.h */,
				5C68B5A8145C896F00D9A82E /* IASKSpecifier.m */,
			);
			path = Models;
			sourceTree = "<group>";
		};
		5C68B5A9145C896F00D9A82E /* Views */ = {
			isa = PBXGroup;
			children = (
				5C68B5AA145C896F00D9A82E /* IASKPSSliderSpecifierViewCell.h */,
				5C68B5AB145C896F00D9A82E /* IASKPSSliderSpecifierViewCell.m */,
				5C68B5AC145C896F00D9A82E /* IASKPSTextFieldSpecifierViewCell.h */,
				5C68B5AD145C896F00D9A82E /* IASKPSTextFieldSpecifierViewCell.m */,
				5C68B5AE145C896F00D9A82E /* IASKPSTitleValueSpecifierViewCell.h */,
				5C68B5AF145C896F00D9A82E /* IASKPSTitleValueSpecifierViewCell.m */,
				5C68B5B0145C896F00D9A82E /* IASKPSToggleSwitchSpecifierViewCell.h */,
				5C68B5B1145C896F00D9A82E /* IASKPSToggleSwitchSpecifierViewCell.m */,
				5C68B5B2145C896F00D9A82E /* IASKSlider.h */,
				5C68B5B3145C896F00D9A82E /* IASKSlider.m */,
				5C68B5B4145C896F00D9A82E /* IASKSwitch.h */,
				5C68B5B5145C896F00D9A82E /* IASKSwitch.m */,
				5C68B5B6145C896F00D9A82E /* IASKTextField.h */,
				5C68B5B7145C896F00D9A82E /* IASKTextField.m */,
			);
			path = Views;
			sourceTree = "<group>";
		};
		5C68B5B8145C896F00D9A82E /* Xibs */ = {
			isa = PBXGroup;
			children = (
				5C68B5B9145C896F00D9A82E /* IASKAppSettingsView.xib */,
				5C68B5BA145C896F00D9A82E /* IASKAppSettingsWebView.xib */,
				5C68B5BB145C896F00D9A82E /* IASKPSSliderSpecifierViewCell.xib */,
				5C68B5BC145C896F00D9A82E /* IASKPSTextFieldSpecifierViewCell.xib */,
				5C68B5BD145C896F00D9A82E /* IASKPSToggleSwitchSpecifierViewCell.xib */,
				5C68B5BE145C896F00D9A82E /* IASKSpecifierValuesView.xib */,
			);
			path = Xibs;
			sourceTree = "<group>";
		};
		5C68B5D6145C8A9500D9A82E /* TouchJSON */ = {
			isa = PBXGroup;
			children = (
				5C68B5D7145C8A9500D9A82E /* CDataScanner.h */,
				5C68B5D8145C8A9500D9A82E /* CDataScanner.m */,
				5C68B5D9145C8A9500D9A82E /* Experimental */,
				5C68B5E0145C8A9500D9A82E /* Extensions */,
				5C68B5E5145C8A9500D9A82E /* JSON */,
			);
			path = TouchJSON;
			sourceTree = "<group>";
		};
		5C68B5D9145C8A9500D9A82E /* Experimental */ = {
			isa = PBXGroup;
			children = (
				5C68B5DA145C8A9500D9A82E /* CFilteringJSONSerializer.h */,
				5C68B5DB145C8A9500D9A82E /* CFilteringJSONSerializer.m */,
				5C68B5DC145C8A9500D9A82E /* CJSONDeserializer_BlocksExtensions.h */,
				5C68B5DD145C8A9500D9A82E /* CJSONDeserializer_BlocksExtensions.m */,
				5C68B5DE145C8A9500D9A82E /* CJSONSerializedData.h */,
				5C68B5DF145C8A9500D9A82E /* CJSONSerializedData.m */,
			);
			path = Experimental;
			sourceTree = "<group>";
		};
		5C68B5E0145C8A9500D9A82E /* Extensions */ = {
			isa = PBXGroup;
			children = (
				5C68B5E1145C8A9500D9A82E /* CDataScanner_Extensions.h */,
				5C68B5E2145C8A9500D9A82E /* CDataScanner_Extensions.m */,
				5C68B5E3145C8A9500D9A82E /* NSDictionary_JSONExtensions.h */,
				5C68B5E4145C8A9500D9A82E /* NSDictionary_JSONExtensions.m */,
			);
			path = Extensions;
			sourceTree = "<group>";
		};
		5C68B5E5145C8A9500D9A82E /* JSON */ = {
			isa = PBXGroup;
			children = (
				5C68B5E6145C8A9500D9A82E /* CJSONDeserializer.h */,
				5C68B5E7145C8A9500D9A82E /* CJSONDeserializer.m */,
				5C68B5E8145C8A9500D9A82E /* CJSONScanner.h */,
				5C68B5E9145C8A9500D9A82E /* CJSONScanner.m */,
				5C68B5EA145C8A9500D9A82E /* CJSONSerializer.h */,
				5C68B5EB145C8A9500D9A82E /* CJSONSerializer.m */,
				5C68B5EC145C8A9500D9A82E /* JSONRepresentation.h */,
			);
			path = JSON;
			sourceTree = "<group>";
		};
/* End PBXGroup section */

/* Begin PBXNativeTarget section */
		5C68B50C145C85AB00D9A82E /* Shuttle-Tracker */ = {
			isa = PBXNativeTarget;
			buildConfigurationList = 5C68B53C145C85AC00D9A82E /* Build configuration list for PBXNativeTarget "Shuttle-Tracker" */;
			buildPhases = (
				5C68B509145C85AB00D9A82E /* Sources */,
				5C68B50A145C85AB00D9A82E /* Frameworks */,
				5C68B50B145C85AB00D9A82E /* Resources */,
			);
			buildRules = (
			);
			dependencies = (
			);
			name = "Shuttle-Tracker";
			productName = "Shuttle-Tracker";
			productReference = 5C68B50D145C85AC00D9A82E /* Shuttle-Tracker.app */;
			productType = "com.apple.product-type.application";
		};
/* End PBXNativeTarget section */

/* Begin PBXProject section */
		5C68B504145C85AB00D9A82E /* Project object */ = {
			isa = PBXProject;
			attributes = {
				LastUpgradeCheck = 0420;
				ORGANIZATIONNAME = "Naga Softworks, LLC";
			};
			buildConfigurationList = 5C68B507145C85AB00D9A82E /* Build configuration list for PBXProject "Shuttle-Tracker" */;
			compatibilityVersion = "Xcode 3.2";
			developmentRegion = English;
			hasScannedForEncodings = 0;
			knownRegions = (
				en,
			);
			mainGroup = 5C68B502145C85AB00D9A82E;
			productRefGroup = 5C68B50E145C85AC00D9A82E /* Products */;
			projectDirPath = "";
			projectRoot = "";
			targets = (
				5C68B50C145C85AB00D9A82E /* Shuttle-Tracker */,
			);
		};
/* End PBXProject section */

/* Begin PBXResourcesBuildPhase section */
		5C68B50B145C85AB00D9A82E /* Resources */ = {
			isa = PBXResourcesBuildPhase;
			buildActionMask = 2147483647;
			files = (
				5C68B51E145C85AC00D9A82E /* InfoPlist.strings in Resources */,
				5C68B530145C85AC00D9A82E /* MasterViewController_iPhone.xib in Resources */,
				5C68B533145C85AC00D9A82E /* MasterViewController_iPad.xib in Resources */,
				5C68B536145C85AC00D9A82E /* DetailViewController_iPhone.xib in Resources */,
				5C68B539145C85AC00D9A82E /* DetailViewController_iPad.xib in Resources */,
				5C68B5CE145C896F00D9A82E /* IASKAppSettingsView.xib in Resources */,
				5C68B5CF145C896F00D9A82E /* IASKAppSettingsWebView.xib in Resources */,
				5C68B5D0145C896F00D9A82E /* IASKPSSliderSpecifierViewCell.xib in Resources */,
				5C68B5D1145C896F00D9A82E /* IASKPSTextFieldSpecifierViewCell.xib in Resources */,
				5C68B5D2145C896F00D9A82E /* IASKPSToggleSwitchSpecifierViewCell.xib in Resources */,
				5C68B5D3145C896F00D9A82E /* IASKSpecifierValuesView.xib in Resources */,
			);
			runOnlyForDeploymentPostprocessing = 0;
		};
/* End PBXResourcesBuildPhase section */

/* Begin PBXSourcesBuildPhase section */
		5C68B509145C85AB00D9A82E /* Sources */ = {
			isa = PBXSourcesBuildPhase;
			buildActionMask = 2147483647;
			files = (
				5C68B520145C85AC00D9A82E /* main.m in Sources */,
				5C68B524145C85AC00D9A82E /* AppDelegate.m in Sources */,
				5C68B527145C85AC00D9A82E /* Shuttle_Tracker.xcdatamodeld in Sources */,
				5C68B52A145C85AC00D9A82E /* MasterViewController.m in Sources */,
				5C68B52D145C85AC00D9A82E /* DetailViewController.m in Sources */,
				5C68B54B145C87B300D9A82E /* DataManager.m in Sources */,
				5C68B54C145C87B300D9A82E /* EtaWrapper.m in Sources */,
				5C68B54D145C87B300D9A82E /* MapViewController.m in Sources */,
				5C68B550145C87DB00D9A82E /* MapPlacemark.m in Sources */,
				5C68B553145C87EE00D9A82E /* JSONParser.m in Sources */,
				5C68B5BF145C896F00D9A82E /* IASKAppSettingsViewController.m in Sources */,
				5C68B5C0145C896F00D9A82E /* IASKAppSettingsWebViewController.m in Sources */,
				5C68B5C1145C896F00D9A82E /* IASKSpecifierValuesViewController.m in Sources */,
				5C68B5C2145C896F00D9A82E /* IASKSettingsReader.m in Sources */,
				5C68B5C3145C896F00D9A82E /* IASKSettingsStore.m in Sources */,
				5C68B5C4145C896F00D9A82E /* IASKSettingsStoreFile.m in Sources */,
				5C68B5C5145C896F00D9A82E /* IASKSettingsStoreUserDefaults.m in Sources */,
				5C68B5C6145C896F00D9A82E /* IASKSpecifier.m in Sources */,
				5C68B5C7145C896F00D9A82E /* IASKPSSliderSpecifierViewCell.m in Sources */,
				5C68B5C8145C896F00D9A82E /* IASKPSTextFieldSpecifierViewCell.m in Sources */,
				5C68B5C9145C896F00D9A82E /* IASKPSTitleValueSpecifierViewCell.m in Sources */,
				5C68B5CA145C896F00D9A82E /* IASKPSToggleSwitchSpecifierViewCell.m in Sources */,
				5C68B5CB145C896F00D9A82E /* IASKSlider.m in Sources */,
				5C68B5CC145C896F00D9A82E /* IASKSwitch.m in Sources */,
				5C68B5CD145C896F00D9A82E /* IASKTextField.m in Sources */,
				5C68B5ED145C8A9500D9A82E /* CDataScanner.m in Sources */,
				5C68B5EE145C8A9500D9A82E /* CFilteringJSONSerializer.m in Sources */,
				5C68B5EF145C8A9500D9A82E /* CJSONDeserializer_BlocksExtensions.m in Sources */,
				5C68B5F0145C8A9500D9A82E /* CJSONSerializedData.m in Sources */,
				5C68B5F1145C8A9500D9A82E /* CDataScanner_Extensions.m in Sources */,
				5C68B5F2145C8A9500D9A82E /* NSDictionary_JSONExtensions.m in Sources */,
				5C68B5F3145C8A9500D9A82E /* CJSONDeserializer.m in Sources */,
				5C68B5F4145C8A9500D9A82E /* CJSONScanner.m in Sources */,
				5C68B5F5145C8A9500D9A82E /* CJSONSerializer.m in Sources */,
			);
			runOnlyForDeploymentPostprocessing = 0;
		};
/* End PBXSourcesBuildPhase section */

/* Begin PBXVariantGroup section */
		5C68B51C145C85AC00D9A82E /* InfoPlist.strings */ = {
			isa = PBXVariantGroup;
			children = (
				5C68B51D145C85AC00D9A82E /* en */,
			);
			name = InfoPlist.strings;
			sourceTree = "<group>";
		};
		5C68B52E145C85AC00D9A82E /* MasterViewController_iPhone.xib */ = {
			isa = PBXVariantGroup;
			children = (
				5C68B52F145C85AC00D9A82E /* en */,
			);
			name = MasterViewController_iPhone.xib;
			sourceTree = "<group>";
		};
		5C68B531145C85AC00D9A82E /* MasterViewController_iPad.xib */ = {
			isa = PBXVariantGroup;
			children = (
				5C68B532145C85AC00D9A82E /* en */,
			);
			name = MasterViewController_iPad.xib;
			sourceTree = "<group>";
		};
		5C68B534145C85AC00D9A82E /* DetailViewController_iPhone.xib */ = {
			isa = PBXVariantGroup;
			children = (
				5C68B535145C85AC00D9A82E /* en */,
			);
			name = DetailViewController_iPhone.xib;
			sourceTree = "<group>";
		};
		5C68B537145C85AC00D9A82E /* DetailViewController_iPad.xib */ = {
			isa = PBXVariantGroup;
			children = (
				5C68B538145C85AC00D9A82E /* en */,
			);
			name = DetailViewController_iPad.xib;
			sourceTree = "<group>";
		};
/* End PBXVariantGroup section */

/* Begin XCBuildConfiguration section */
		5C68B53A145C85AC00D9A82E /* Debug */ = {
			isa = XCBuildConfiguration;
			buildSettings = {
				ALWAYS_SEARCH_USER_PATHS = NO;
				ARCHS = "$(ARCHS_STANDARD_32_BIT)";
				"CODE_SIGN_IDENTITY[sdk=iphoneos*]" = "iPhone Developer";
				COPY_PHASE_STRIP = NO;
				GCC_C_LANGUAGE_STANDARD = gnu99;
				GCC_DYNAMIC_NO_PIC = NO;
				GCC_OPTIMIZATION_LEVEL = 0;
				GCC_PREPROCESSOR_DEFINITIONS = (
					"DEBUG=1",
					"$(inherited)",
				);
				GCC_SYMBOLS_PRIVATE_EXTERN = NO;
				GCC_VERSION = com.apple.compilers.llvm.clang.1_0;
				GCC_WARN_ABOUT_MISSING_PROTOTYPES = YES;
				GCC_WARN_ABOUT_RETURN_TYPE = YES;
				GCC_WARN_UNUSED_VARIABLE = YES;
				IPHONEOS_DEPLOYMENT_TARGET = 4.3;
				SDKROOT = iphoneos;
				TARGETED_DEVICE_FAMILY = "1,2";
			};
			name = Debug;
		};
		5C68B53B145C85AC00D9A82E /* Release */ = {
			isa = XCBuildConfiguration;
			buildSettings = {
				ALWAYS_SEARCH_USER_PATHS = NO;
				ARCHS = "$(ARCHS_STANDARD_32_BIT)";
				"CODE_SIGN_IDENTITY[sdk=iphoneos*]" = "iPhone Developer";
				COPY_PHASE_STRIP = YES;
				GCC_C_LANGUAGE_STANDARD = gnu99;
				GCC_VERSION = com.apple.compilers.llvm.clang.1_0;
				GCC_WARN_ABOUT_MISSING_PROTOTYPES = YES;
				GCC_WARN_ABOUT_RETURN_TYPE = YES;
				GCC_WARN_UNUSED_VARIABLE = YES;
				IPHONEOS_DEPLOYMENT_TARGET = 4.3;
				OTHER_CFLAGS = "-DNS_BLOCK_ASSERTIONS=1";
				SDKROOT = iphoneos;
				TARGETED_DEVICE_FAMILY = "1,2";
				VALIDATE_PRODUCT = YES;
			};
			name = Release;
		};
		5C68B53D145C85AC00D9A82E /* Debug */ = {
			isa = XCBuildConfiguration;
			buildSettings = {
				GCC_PRECOMPILE_PREFIX_HEADER = YES;
				GCC_PREFIX_HEADER = "Shuttle-Tracker/Shuttle-Tracker-Prefix.pch";
				INFOPLIST_FILE = "Shuttle-Tracker/Shuttle-Tracker-Info.plist";
				PRODUCT_NAME = "$(TARGET_NAME)";
				WRAPPER_EXTENSION = app;
			};
			name = Debug;
		};
		5C68B53E145C85AC00D9A82E /* Release */ = {
			isa = XCBuildConfiguration;
			buildSettings = {
				GCC_PRECOMPILE_PREFIX_HEADER = YES;
				GCC_PREFIX_HEADER = "Shuttle-Tracker/Shuttle-Tracker-Prefix.pch";
				INFOPLIST_FILE = "Shuttle-Tracker/Shuttle-Tracker-Info.plist";
				PRODUCT_NAME = "$(TARGET_NAME)";
				WRAPPER_EXTENSION = app;
			};
			name = Release;
		};
/* End XCBuildConfiguration section */

/* Begin XCConfigurationList section */
		5C68B507145C85AB00D9A82E /* Build configuration list for PBXProject "Shuttle-Tracker" */ = {
			isa = XCConfigurationList;
			buildConfigurations = (
				5C68B53A145C85AC00D9A82E /* Debug */,
				5C68B53B145C85AC00D9A82E /* Release */,
			);
			defaultConfigurationIsVisible = 0;
			defaultConfigurationName = Release;
		};
		5C68B53C145C85AC00D9A82E /* Build configuration list for PBXNativeTarget "Shuttle-Tracker" */ = {
			isa = XCConfigurationList;
			buildConfigurations = (
				5C68B53D145C85AC00D9A82E /* Debug */,
				5C68B53E145C85AC00D9A82E /* Release */,
			);
			defaultConfigurationIsVisible = 0;
			defaultConfigurationName = Release;
		};
/* End XCConfigurationList section */

/* Begin XCVersionGroup section */
		5C68B525145C85AC00D9A82E /* Shuttle_Tracker.xcdatamodeld */ = {
			isa = XCVersionGroup;
			children = (
				5C68B526145C85AC00D9A82E /* Shuttle_Tracker.xcdatamodel */,
			);
			currentVersion = 5C68B526145C85AC00D9A82E /* Shuttle_Tracker.xcdatamodel */;
			path = Shuttle_Tracker.xcdatamodeld;
			sourceTree = "<group>";
			versionGroupType = wrapper.xcdatamodel;
		};
/* End XCVersionGroup section */
	};
	rootObject = 5C68B504145C85AB00D9A82E /* Project object */;
}
