
Microsoft Visual Studio Solution File, Format Version 11.00
# Visual Studio 2010
Project("{FAE04EC0-301F-11D3-BF4B-00C04F79EFBC}") = "ShuttleTrackerWorld", "ShuttleTrackerWorld\ShuttleTrackerWorld.csproj", "{7FE0562A-6B05-4864-9397-784A88D39E64}"
EndProject
Project("{FAE04EC0-301F-11D3-BF4B-00C04F79EFBC}") = "ShuttleTrackerService", "ShuttleTrackerService\ShuttleTrackerService.csproj", "{194EF3A3-3431-45CB-AF13-B5D57A28AB10}"
EndProject
Global
	GlobalSection(SolutionConfigurationPlatforms) = preSolution
		Debug|Any CPU = Debug|Any CPU
		Debug|Mixed Platforms = Debug|Mixed Platforms
		Debug|x86 = Debug|x86
		Release|Any CPU = Release|Any CPU
		Release|Mixed Platforms = Release|Mixed Platforms
		Release|x86 = Release|x86
	EndGlobalSection
	GlobalSection(ProjectConfigurationPlatforms) = postSolution
		{7FE0562A-6B05-4864-9397-784A88D39E64}.Debug|Any CPU.ActiveCfg = Debug|Any CPU
		{7FE0562A-6B05-4864-9397-784A88D39E64}.Debug|Any CPU.Build.0 = Debug|Any CPU
		{7FE0562A-6B05-4864-9397-784A88D39E64}.Debug|Mixed Platforms.ActiveCfg = Debug|Any CPU
		{7FE0562A-6B05-4864-9397-784A88D39E64}.Debug|Mixed Platforms.Build.0 = Debug|Any CPU
		{7FE0562A-6B05-4864-9397-784A88D39E64}.Debug|x86.ActiveCfg = Debug|Any CPU
		{7FE0562A-6B05-4864-9397-784A88D39E64}.Release|Any CPU.ActiveCfg = Release|Any CPU
		{7FE0562A-6B05-4864-9397-784A88D39E64}.Release|Any CPU.Build.0 = Release|Any CPU
		{7FE0562A-6B05-4864-9397-784A88D39E64}.Release|Mixed Platforms.ActiveCfg = Release|Any CPU
		{7FE0562A-6B05-4864-9397-784A88D39E64}.Release|Mixed Platforms.Build.0 = Release|Any CPU
		{7FE0562A-6B05-4864-9397-784A88D39E64}.Release|x86.ActiveCfg = Release|Any CPU
		{194EF3A3-3431-45CB-AF13-B5D57A28AB10}.Debug|Any CPU.ActiveCfg = Debug|x86
		{194EF3A3-3431-45CB-AF13-B5D57A28AB10}.Debug|Mixed Platforms.ActiveCfg = Debug|x86
		{194EF3A3-3431-45CB-AF13-B5D57A28AB10}.Debug|Mixed Platforms.Build.0 = Debug|x86
		{194EF3A3-3431-45CB-AF13-B5D57A28AB10}.Debug|x86.ActiveCfg = Debug|x86
		{194EF3A3-3431-45CB-AF13-B5D57A28AB10}.Debug|x86.Build.0 = Debug|x86
		{194EF3A3-3431-45CB-AF13-B5D57A28AB10}.Release|Any CPU.ActiveCfg = Release|x86
		{194EF3A3-3431-45CB-AF13-B5D57A28AB10}.Release|Mixed Platforms.ActiveCfg = Release|x86
		{194EF3A3-3431-45CB-AF13-B5D57A28AB10}.Release|Mixed Platforms.Build.0 = Release|x86
		{194EF3A3-3431-45CB-AF13-B5D57A28AB10}.Release|x86.ActiveCfg = Release|x86
		{194EF3A3-3431-45CB-AF13-B5D57A28AB10}.Release|x86.Build.0 = Release|x86
	EndGlobalSection
	GlobalSection(SolutionProperties) = preSolution
		HideSolutionNode = FALSE
	EndGlobalSection
EndGlobal
